{
  "projects": [
    {
      "projectId": "8LNynTt7Kq18qaQhaii1cF",
      "version": "latest",
      "dependencies": {},
      "lang": "ts",
      "fileLocks": [
        {
          "assetId": "8LNynTt7Kq18qaQhaii1cF",
          "type": "projectCss",
          "checksum": "4b18bfeddfd84307bdd8bb18f3c5be59"
        },
        {
          "type": "renderModule",
          "assetId": "YKQQzz1RwZn",
          "checksum": "80b99d8922e8f22514a380ce6f5520c4"
        },
        {
          "type": "cssRules",
          "assetId": "YKQQzz1RwZn",
          "checksum": "80b99d8922e8f22514a380ce6f5520c4"
        },
        {
          "type": "renderModule",
          "assetId": "D0sJTxpcIx",
          "checksum": "edd10b8ee726d402f103d18836822264"
        },
        {
          "type": "cssRules",
          "assetId": "D0sJTxpcIx",
          "checksum": "edd10b8ee726d402f103d18836822264"
        },
        {
          "type": "renderModule",
          "assetId": "TEQCDPDVHA",
          "checksum": "df30e87a0605fe21a93cac5517780b1d"
        },
        {
          "type": "cssRules",
          "assetId": "TEQCDPDVHA",
          "checksum": "df30e87a0605fe21a93cac5517780b1d"
        },
        {
          "type": "renderModule",
          "assetId": "R-Thu3KSY8",
          "checksum": "c3f127aaf217abb11e4cb0238bf1e379"
        },
        {
          "type": "cssRules",
          "assetId": "R-Thu3KSY8",
          "checksum": "c3f127aaf217abb11e4cb0238bf1e379"
        },
        {
          "type": "icon",
          "assetId": "1oEINPAJ1T7V7",
          "checksum": "882c4bd7c255bbfcc478e00a9c32b51d"
        },
        {
          "type": "icon",
          "assetId": "s4yQUqCDjQ3qK",
          "checksum": "f8e314b20c4446afc90ade772c2522f0"
        },
        {
          "type": "icon",
          "assetId": "pCL6omxJijZ",
          "checksum": "16b70ce0711e365108b4744a9074e3e7"
        },
        {
          "type": "icon",
          "assetId": "ZQ1dqBXcRba",
          "checksum": "68fa84aff927723ebb3fed0c5467c659"
        },
        {
          "type": "icon",
          "assetId": "XZcsFdxme4",
          "checksum": "e1002fc8e6741f64bd2aba93835060d6"
        },
        {
          "type": "icon",
          "assetId": "RMzus-Hdjd8",
          "checksum": "3e18f10f05c095a0562d49763fce685d"
        },
        {
          "type": "icon",
          "assetId": "qAp5j9XtQ1X",
          "checksum": "522a41c066a0d00e9b285f8c82250e13"
        },
        {
          "type": "icon",
          "assetId": "v_0t2rwnnGg",
          "checksum": "661ce049c20125b1baf43f930333b18c"
        },
        {
          "type": "icon",
          "assetId": "gu-Amgf6Pv4",
          "checksum": "dbfa9911daa725e3125ae1318e9de2a8"
        },
        {
          "type": "icon",
          "assetId": "mcx_xQRwZZB",
          "checksum": "e1533a27fd8d9e645775178250ebaa72"
        },
        {
          "type": "icon",
          "assetId": "DJDvdsUUTNQ",
          "checksum": "3e6064e4a9264aef35ae6c7f5162d1f8"
        },
        {
          "type": "icon",
          "assetId": "25E8HEWDx-Y",
          "checksum": "c3c11738cb12cb413f9938f4fe97888c"
        },
        {
          "type": "icon",
          "assetId": "fTI2EhiADaR",
          "checksum": "3837463af7b1bbe416b17ce1034eacc5"
        },
        {
          "type": "icon",
          "assetId": "jwQ15apY-qP",
          "checksum": "2636826aa31dbf325279f3810ba54201"
        },
        {
          "type": "icon",
          "assetId": "CeyOWs3fryL",
          "checksum": "a816981ef8a5a094ad01e90338055530"
        },
        {
          "type": "icon",
          "assetId": "dS8Y_ejC8fZ",
          "checksum": "2333a60be6837cc8fa80426dd4c7555a"
        },
        {
          "type": "icon",
          "assetId": "ppRSnYQGfDO",
          "checksum": "052fc824e5f068c8fc4d317f4b02950d"
        },
        {
          "type": "icon",
          "assetId": "pxeNPLd0Ecv",
          "checksum": "c559fb7e2088731d1d6af53bc0ba4907"
        },
        {
          "type": "icon",
          "assetId": "vlNYNRP-kNG",
          "checksum": "3c1ed127d56f6a8663c1f1228aba291b"
        },
        {
          "type": "icon",
          "assetId": "J5C9UjKB3FB",
          "checksum": "f734ea7b892303a0d7cd67c45c4147ef"
        },
        {
          "type": "icon",
          "assetId": "ffU-8xpSR7z",
          "checksum": "4c70b66b3a57a7af45dda692d4ee9f66"
        },
        {
          "type": "icon",
          "assetId": "rCFFHjaBqqb",
          "checksum": "fe47fe6e40c22dad39fbd3521dc423f6"
        },
        {
          "type": "icon",
          "assetId": "BgCTi_Y6F1U",
          "checksum": "e9ad807e724e9cbe7afe20d08aa953a5"
        },
        {
          "type": "icon",
          "assetId": "qzhorjFL8f3",
          "checksum": "0db0d7c1663ad786729e2f6786dc5f66"
        },
        {
          "type": "icon",
          "assetId": "ynJYbAk2jnA",
          "checksum": "f28ea9a8f3a538a56cfdad14e4e2967f"
        },
        {
          "type": "icon",
          "assetId": "9c8oxosuHer",
          "checksum": "cb5c4e78a84cdde0edf2cdefde96f407"
        },
        {
          "type": "icon",
          "assetId": "IsNbUiaunUN",
          "checksum": "a5d303df3ebaebe2889ebdc7da194900"
        },
        {
          "type": "icon",
          "assetId": "mXWctJ5K7x2",
          "checksum": "50c2cdbe16093af4ca57e04dc6a9b1f8"
        },
        {
          "type": "icon",
          "assetId": "HfjWcegbMb-",
          "checksum": "59e8497f0db944d00dbbfe4ddeecc01b"
        },
        {
          "type": "icon",
          "assetId": "UGqD3uhE4xt",
          "checksum": "649641e271e6183554c43b0780a692b8"
        },
        {
          "type": "icon",
          "assetId": "ek8qQ1Cnmrk",
          "checksum": "d672508f126c00d09a5ac04d652f1c7c"
        },
        {
          "type": "icon",
          "assetId": "HvmuvfgQ4b2",
          "checksum": "975a3270647948fe70865c1290c70f5b"
        },
        {
          "type": "icon",
          "assetId": "sP1IEupTwMX",
          "checksum": "b29bd2ca33ec3ef3b91a1ef1b4eb8568"
        },
        {
          "type": "icon",
          "assetId": "yuk48qeKXH2B",
          "checksum": "9bf4cf87d0f18294e095295cd1b5bb5b"
        },
        {
          "type": "icon",
          "assetId": "-utxgXEpuMoG",
          "checksum": "2c43cf494bfc7dee6ea4aeaaaa571321"
        },
        {
          "type": "icon",
          "assetId": "Zpb863JOrAn",
          "checksum": "6856fa8f56c6a7beea9c950017821897"
        },
        {
          "type": "icon",
          "assetId": "PHKJEdnEzXc",
          "checksum": "0c5e83a8187e704cccf3c170aa83f023"
        },
        {
          "type": "icon",
          "assetId": "AVhPmxu8VxE",
          "checksum": "ef69c8999f48388cd08fa67d5f5df4a4"
        },
        {
          "type": "icon",
          "assetId": "iP7ncpNqqSW",
          "checksum": "74cd73d5219758d323d326652679a75c"
        },
        {
          "type": "icon",
          "assetId": "J9OMJ4Ys18N",
          "checksum": "24576b01ebcefee3e4fdafedb8bc09d9"
        },
        {
          "type": "icon",
          "assetId": "pPvQMZ0AP8U",
          "checksum": "c0f4e5e9a1e063196b75b8dd7890dfbe"
        },
        {
          "type": "icon",
          "assetId": "ODp11Aq8Efb",
          "checksum": "ff35a44357d3b01bfb4e25d11aee3548"
        },
        {
          "type": "icon",
          "assetId": "RRrcXm6D8bbP",
          "checksum": "29e663c3e1d1801066af078e4ab6e5e7"
        },
        {
          "type": "icon",
          "assetId": "2cInm-cXoAU",
          "checksum": "a27e161e8e7a14fc7a54e4e79797af70"
        },
        {
          "type": "icon",
          "assetId": "dIVnwGWqf8c",
          "checksum": "ab561425b60094ae818c043b1dcf2ce4"
        },
        {
          "type": "icon",
          "assetId": "4Wfc6t2Rh64",
          "checksum": "cefaa328a7e52ef3abdaa3fae91b9cb7"
        },
        {
          "type": "icon",
          "assetId": "kfw0TqmNkxx",
          "checksum": "8367d5bcba43b7cf90b766fefe262e66"
        },
        {
          "type": "icon",
          "assetId": "c9VtwKZ3q",
          "checksum": "63db69513d0476854f90a4e8858f9288"
        },
        {
          "type": "icon",
          "assetId": "Y9Td09Q4YPN",
          "checksum": "5d5d044b3035a812f8dcd70771953e24"
        },
        {
          "type": "icon",
          "assetId": "LBCPg-1qPqZ",
          "checksum": "bf09cfa52174c995e555bc93333d5422"
        },
        {
          "type": "icon",
          "assetId": "pQmpcTkgDx_",
          "checksum": "b8585ab47bf3307c74376936a60d359c"
        },
        {
          "type": "icon",
          "assetId": "2v5p76VJ5gkA",
          "checksum": "e81e725356c0c883acc0ce85df8c2c38"
        },
        {
          "type": "icon",
          "assetId": "R0_JkYs4Icmu",
          "checksum": "bf23f985616f500b72d705552598a4d0"
        },
        {
          "type": "icon",
          "assetId": "D-tLVUHbqIcm",
          "checksum": "c29d0d962caa05a46c1ca90f1ed45e0c"
        },
        {
          "type": "icon",
          "assetId": "qGSNnSOQOPQj",
          "checksum": "2b6b5f96a8948ebb04b56d29d0cf4e7f"
        },
        {
          "type": "icon",
          "assetId": "uM9gnfIo8m-",
          "checksum": "0605d44ca0e008c575f2b55241c0e1cb"
        },
        {
          "type": "icon",
          "assetId": "VUQuBuHDqF_",
          "checksum": "bebcb919bc2c18ec05c8323691feab50"
        },
        {
          "type": "icon",
          "assetId": "yOqJprMNFld",
          "checksum": "4de1f6f8b1cc2e5306a53eba7df98aed"
        },
        {
          "type": "icon",
          "assetId": "2PgpUdBV0a",
          "checksum": "ad07a3bde03da2b1d424e163e58534a6"
        },
        {
          "type": "image",
          "assetId": "I7hY9CzRNYU7o",
          "checksum": "da8fa8b61df8b8e59b1ffc5aa1af224d"
        },
        {
          "type": "image",
          "assetId": "xiuOD7Vxt",
          "checksum": "1cfd664e6bd23a3771516de35ad932c1"
        },
        {
          "type": "image",
          "assetId": "PiDbM7F2q",
          "checksum": "a3036cadeecbe4c0ecfc80d87f8942d5"
        },
        {
          "type": "image",
          "assetId": "ZZ3mm5zqSr",
          "checksum": "c2ba1d7f46f2508b36ca1e47643708da"
        },
        {
          "type": "image",
          "assetId": "y9h6geeq6F3",
          "checksum": "f0e9223c4605cb83587c832b201e432b"
        },
        {
          "type": "image",
          "assetId": "71xdibPHsUc",
          "checksum": "4625d46caadc6e9f694219f9da99334f"
        },
        {
          "type": "image",
          "assetId": "jERNThqY_57",
          "checksum": "c041f623683ca5cafae3cc6664068c3c"
        },
        {
          "type": "image",
          "assetId": "hsanOGsU3ZS",
          "checksum": "0efb6a23437549f406bf77c44d2f053b"
        },
        {
          "type": "image",
          "assetId": "i-kxOn2SA5o",
          "checksum": "6e443b0c31e96797d8ce9f32e1c3e97f"
        },
        {
          "type": "image",
          "assetId": "0W7o2DVMVgW",
          "checksum": "81c3f36177a06efb26c12650e350dcd3"
        },
        {
          "type": "image",
          "assetId": "caxHahNFtwG",
          "checksum": "71c0c6f8237375f1fbead57e0fb1009c"
        },
        {
          "type": "image",
          "assetId": "F0QyyD5bD5e",
          "checksum": "71dfc26572ea081ea52a82e50902becc"
        },
        {
          "type": "image",
          "assetId": "nuJjvOHuS5o",
          "checksum": "896bbca56e9cdc0c11c6e204e9c281a9"
        },
        {
          "type": "image",
          "assetId": "74KG0vKw8",
          "checksum": "97ebd1f8f528ccd5bd67a16963c84230"
        },
        {
          "type": "image",
          "assetId": "A5TDId7MwA",
          "checksum": "0f3f26362ecbe11e4f529c0a3f91f07c"
        },
        {
          "type": "image",
          "assetId": "pT9PUvpUaO",
          "checksum": "a7482be564a0196e71ce6ae22c1d9bd9"
        },
        {
          "type": "image",
          "assetId": "tNSWGxdzDuo",
          "checksum": "05401a01dc6d252431e554ce6c73cc25"
        },
        {
          "type": "image",
          "assetId": "GTeLzrpW0bV",
          "checksum": "4762fafb02baab54474a21cbf246318b"
        },
        {
          "type": "image",
          "assetId": "28QaSpt7kAt",
          "checksum": "ef41e64945c8576f12c9b1ac3757165d"
        },
        {
          "type": "image",
          "assetId": "KpU9PUGYfZk",
          "checksum": "bba03f19eb057e0d2feea864cd1d90b6"
        },
        {
          "type": "image",
          "assetId": "mdIeR-14XC6",
          "checksum": "c39826524b60b89a6ce306974add8aaa"
        },
        {
          "type": "image",
          "assetId": "Bwc8DmYPJpx",
          "checksum": "722b2967bf2e6611b641ad34a6105f67"
        },
        {
          "type": "image",
          "assetId": "aGziMXSPWd6",
          "checksum": "1fb4c882aa9725422a3f96a10138eb8d"
        },
        {
          "type": "image",
          "assetId": "vZnNhYDzUTv",
          "checksum": "bdeba6dbcb214bb4fa96c2009bd9c1ab"
        },
        {
          "type": "image",
          "assetId": "GxMQy39ny8j",
          "checksum": "e28f202fbf8e421fe30095cb4c770d0b"
        },
        {
          "type": "image",
          "assetId": "ipld6QyZ9yE",
          "checksum": "a49b7310f561ee113626a4ceea068620"
        },
        {
          "type": "image",
          "assetId": "gx0KmuxNO7C",
          "checksum": "e69c60435dc36180ee6c057e6d4d5899"
        },
        {
          "type": "image",
          "assetId": "eSM63xmfawJ",
          "checksum": "61e2b4e6eb6757be6a2f4f5950d4c26b"
        },
        {
          "type": "image",
          "assetId": "3D3Fi4mqHFU",
          "checksum": "07a33ece4761e5e27ee625bcd7c0c4fc"
        },
        {
          "type": "image",
          "assetId": "XS0bHe-aEBl",
          "checksum": "f9ddabaf5b9e29cf448bdccf7919d343"
        },
        {
          "type": "image",
          "assetId": "ndxdPkUo3yr",
          "checksum": "7e64562efa1ed8f1d9d9d0f22e7cbeb3"
        },
        {
          "type": "image",
          "assetId": "AxOMthWX6Z6",
          "checksum": "34809b695365cbaca86b3622cfef2a3c"
        },
        {
          "type": "image",
          "assetId": "0CKGvk1wjAU",
          "checksum": "1dbfa6fada3544895aba855138c00c76"
        },
        {
          "type": "image",
          "assetId": "rj1FqW_xgEN",
          "checksum": "b136c70f3da726522ce07f1a64172da0"
        },
        {
          "type": "image",
          "assetId": "V234L98ijXI",
          "checksum": "7c00a724a0381ad40ab8109b1279025e"
        },
        {
          "type": "image",
          "assetId": "Zu--v6NFfPi",
          "checksum": "3bc28d77c297aeb7ba55e812ae213f8a"
        },
        {
          "type": "image",
          "assetId": "HyRHChG1VAk",
          "checksum": "61e1787a00d086726ef351272bf86a29"
        },
        {
          "type": "image",
          "assetId": "yZPdJFqS6La",
          "checksum": "48a5cedc53a21a81e1b340e53b8028be"
        },
        {
          "type": "image",
          "assetId": "vk8KVCZtvL5",
          "checksum": "fa8f7018537c13358aff5466bf1d7e8b"
        },
        {
          "type": "image",
          "assetId": "KcQwjoJ3-C0",
          "checksum": "db98e4a952372b240ba7703e98ca732a"
        },
        {
          "type": "image",
          "assetId": "pTt2aFwACNr",
          "checksum": "a1d34557643b081fb81ae4865c3432f8"
        },
        {
          "type": "image",
          "assetId": "5nIUZiSr-cn",
          "checksum": "dfc9756af14c55141c4b40cfb393028e"
        },
        {
          "type": "image",
          "assetId": "LtwfShV9Rgc",
          "checksum": "5f82e98dbff012e2c3c9f7d392759e1c"
        },
        {
          "type": "image",
          "assetId": "xbyZCjrtnFG",
          "checksum": "0618fe5a4f06834942cc9dc60a4e2f03"
        },
        {
          "type": "image",
          "assetId": "XUw9H5Jaksh",
          "checksum": "e60ed98fb3b1eeb494abd5ee0ac6c6ef"
        },
        {
          "type": "image",
          "assetId": "tyIiAw2Nht_",
          "checksum": "033bf7af41637715426c2395dadd3f57"
        },
        {
          "type": "image",
          "assetId": "h8LfjvN1pkD",
          "checksum": "bafbbdb00f37659df772c2a5911247c8"
        },
        {
          "type": "image",
          "assetId": "x9DziOm7KN",
          "checksum": "b5b3471430201cc2fd03cfdfaab4bbce"
        },
        {
          "type": "image",
          "assetId": "o4A2XAwqD9",
          "checksum": "ad6127cbf77f1ba7a34d02348f40e028"
        },
        {
          "type": "image",
          "assetId": "nXjTAj_Y-",
          "checksum": "1fe3a7af8f8f3a6e3f3993bbae91cd87"
        },
        {
          "type": "image",
          "assetId": "KB5C_zY3nq",
          "checksum": "74ee34d6d5a9e0a43afbdc9b95d93f52"
        },
        {
          "type": "image",
          "assetId": "goHoCMioGd",
          "checksum": "dd772eb1d25c11044ffc6a42afb9ba9c"
        },
        {
          "type": "image",
          "assetId": "xbTfNOsrlor",
          "checksum": "401e56d4fbf1dd79bb9a4d97e8496576"
        },
        {
          "type": "image",
          "assetId": "iGx88y9OLWZ",
          "checksum": "5b2d6b2443d0c52f2afd0bc25277b7ea"
        },
        {
          "type": "image",
          "assetId": "5RlkUwCNFeL",
          "checksum": "8e94f77a5291b00a80be344cee6e6a8b"
        },
        {
          "type": "image",
          "assetId": "PKvYmnFoDSU",
          "checksum": "ea9cd4efb33de941355695bd4ba1ab9b"
        },
        {
          "type": "image",
          "assetId": "iTmijcf8loP",
          "checksum": "e3a21771c58716185e285858b4e72d47"
        },
        {
          "type": "image",
          "assetId": "ajq6kkwx7-_",
          "checksum": "9666d75c5a0a02af1cc9491302cf7318"
        },
        {
          "type": "image",
          "assetId": "q1oVvCbMI3T",
          "checksum": "6699ca369b754c5812c89182e637e935"
        },
        {
          "type": "image",
          "assetId": "DBDXokfpbl8",
          "checksum": "04406e8a2410c645304caf470e83361b"
        },
        {
          "type": "image",
          "assetId": "ufRl5N57KSi",
          "checksum": "024cc887c76ffeb56af3e7adb3545347"
        },
        {
          "type": "image",
          "assetId": "TNFRrXebkRU",
          "checksum": "c005e541b3249722fa8777cad405ce58"
        },
        {
          "type": "image",
          "assetId": "P-oVQHpn3M",
          "checksum": "fc5a5a4580d14a21a256914413078cc9"
        },
        {
          "type": "image",
          "assetId": "OUqb3CN2am",
          "checksum": "6658c92b76a5086533503b90981c0be8"
        },
        {
          "type": "image",
          "assetId": "hvjVr-AK7is",
          "checksum": "e56e989e3710dba7eda2065462a17c06"
        },
        {
          "type": "image",
          "assetId": "747ogB3DJKq",
          "checksum": "6936bbaf7629e9817cd16aee9692e7cb"
        },
        {
          "type": "image",
          "assetId": "eg26IOppeVN",
          "checksum": "bf3aa7a40e763e07a21fa8a1d9b1325c"
        },
        {
          "type": "image",
          "assetId": "TfGnM5nhpKv",
          "checksum": "cf0829125c4e417e1cc1d9d9fa4e2ae0"
        },
        {
          "type": "image",
          "assetId": "v9FBEIaO0hD",
          "checksum": "0d8897884f8f0828f15cedcc5ee0443e"
        },
        {
          "type": "image",
          "assetId": "0quvjx9VjC_",
          "checksum": "c45e2ba655860dbc43a00869ac9d643e"
        },
        {
          "type": "image",
          "assetId": "nY9ofhrZsNh",
          "checksum": "dd60e71eae6e6eaf03f7262b194d15df"
        },
        {
          "type": "image",
          "assetId": "m0IoIMVFSMi",
          "checksum": "1b5302dd8c0117984ff4e282e2fc44f1"
        },
        {
          "type": "image",
          "assetId": "zHKPHKN8-mn",
          "checksum": "7cdcbc9086689b77ad814f52ffa3c016"
        },
        {
          "type": "image",
          "assetId": "oJ4e8uu3dKT",
          "checksum": "8c57bc4d788bdaca57c880c183dd0939"
        },
        {
          "type": "image",
          "assetId": "EfFvHJGMjmr",
          "checksum": "17967287b018592ac9da86323c751c92"
        },
        {
          "type": "image",
          "assetId": "ext2CKXvfpf",
          "checksum": "5a719c8d93d5971c5ef275f507c8eb5b"
        },
        {
          "type": "image",
          "assetId": "_ZLjf6gEUW3",
          "checksum": "0c6001ee54e15e97090a09489e6ce060"
        },
        {
          "type": "image",
          "assetId": "-7POTbYPt3",
          "checksum": "efbcd20d54b8ea2d0e38d4a61d3d9680"
        },
        {
          "type": "image",
          "assetId": "RqbzWeoRkJ",
          "checksum": "8f446a6de61a46b2a4f9ae5631522f29"
        },
        {
          "type": "image",
          "assetId": "LA-UQLNTiQC",
          "checksum": "01664ab8a19efe5f1f0c9919bc5ffec8"
        },
        {
          "type": "image",
          "assetId": "NIbFCACcP",
          "checksum": "1deeead8b8296bd680ed072eb4e63c4f"
        },
        {
          "type": "image",
          "assetId": "4-ydYLBpVi",
          "checksum": "0d086d0ba0708e067d0a79b9670cae8d"
        },
        {
          "type": "image",
          "assetId": "GGzbXAtV11",
          "checksum": "366bbaf49710eef7c790151f7c738915"
        },
        {
          "type": "image",
          "assetId": "FsYEfBkDQ8",
          "checksum": "bc0340bb547c9a8ce7392e4ac03329e1"
        },
        {
          "type": "image",
          "assetId": "yws_JUtyTD",
          "checksum": "4cca308e5d0001ca6cccd92b36f841d7"
        },
        {
          "type": "image",
          "assetId": "cBJ5JfadOE",
          "checksum": "63b0f42d02756f98c9f884b99c961c6b"
        },
        {
          "type": "image",
          "assetId": "MOw5Gqwz4A",
          "checksum": "d31e132d4c669618586220b7abafa047"
        },
        {
          "type": "image",
          "assetId": "SzuXnp3RGxF",
          "checksum": "6de3959799dd98b0652b2f73b8d71213"
        },
        {
          "type": "image",
          "assetId": "iAbLrot0OWM",
          "checksum": "b57617df8dd9baa867e664d3e70fe1e4"
        },
        {
          "type": "image",
          "assetId": "VYOfmwKAaUz",
          "checksum": "bcea82accc0f9787e9e72d23d665caca"
        },
        {
          "type": "image",
          "assetId": "Bv2ECmCSuqm",
          "checksum": "de86c8cd997aea5c6e440ecc605316f7"
        },
        {
          "type": "image",
          "assetId": "1zOnSNBouOi",
          "checksum": "05b96b4ab0cb74d068f9c8b0a73ec0af"
        },
        {
          "type": "image",
          "assetId": "oorFQrcl-34",
          "checksum": "8be7c4861135c3226f740a7bc9db500e"
        },
        {
          "type": "image",
          "assetId": "D1rJUXQaXKm",
          "checksum": "4dc96670c9efde9f6abc006868e7a834"
        },
        {
          "type": "image",
          "assetId": "aAUl7waXlQT",
          "checksum": "a9e028945b97aeb0d06d57f2c97f767f"
        },
        {
          "type": "image",
          "assetId": "uhCZCO31mR1",
          "checksum": "db068553dfa10e50e3233007179c7a4d"
        },
        {
          "type": "image",
          "assetId": "RRQ2i9KuD8Z",
          "checksum": "5dcfb96686518254d353a92731646970"
        },
        {
          "type": "image",
          "assetId": "fAUppOX3rcQ",
          "checksum": "f2d43d4f434eb84f6f9e84846af53120"
        },
        {
          "type": "image",
          "assetId": "b9xeOLMeTz",
          "checksum": "07859a3dcf95146847e2d791f62a8ea5"
        },
        {
          "type": "image",
          "assetId": "sRj8ZkfPX5C",
          "checksum": "1fe81ca18d0062d0c966b148e1235241"
        },
        {
          "type": "image",
          "assetId": "O4kazO6Sei8",
          "checksum": "5a26b8f4806f55f200215e0909b4a0ce"
        },
        {
          "type": "image",
          "assetId": "SBZiH8A99YM",
          "checksum": "f98e16ba5eacbc134db0712eb0b04873"
        },
        {
          "type": "image",
          "assetId": "Z2Hwjh9zuAM",
          "checksum": "3a096e0aba8dc4bb0ce85c4bfa2cb156"
        },
        {
          "type": "image",
          "assetId": "-LYoxHfgJks",
          "checksum": "261861a301b3a40faef35793c7f87428"
        },
        {
          "type": "image",
          "assetId": "v2iFb46qYii",
          "checksum": "df98a900f3acb044801847870e994fee"
        },
        {
          "type": "image",
          "assetId": "j1i98fRQNRM",
          "checksum": "34d721452dd1b8818c5d1f6389905cd8"
        },
        {
          "type": "image",
          "assetId": "FLv1ME60h",
          "checksum": "5e966cde9d184f1cd300c1df1a3d79e5"
        },
        {
          "type": "image",
          "assetId": "OidgryyQd",
          "checksum": "43b7bf5dc530b5414a00c2aeb11d6dba"
        },
        {
          "type": "image",
          "assetId": "XJWAf3vxt3",
          "checksum": "0a1e39e6249f936ef53f3be2a3f37545"
        },
        {
          "type": "image",
          "assetId": "RPbOprbiBL",
          "checksum": "0bd873ee32de431e3637e0c390f14ffe"
        },
        {
          "type": "image",
          "assetId": "BUAtmcKLna",
          "checksum": "0be04cfe3d8d82d81a983c0e4a8e062c"
        },
        {
          "type": "image",
          "assetId": "V5363szNNP",
          "checksum": "e39ddae8a060e9b592fbe0647d9b6b47"
        },
        {
          "type": "image",
          "assetId": "eWDoW5dLuC",
          "checksum": "2e1885c9afc1b982c39c172fbf90f046"
        },
        {
          "type": "image",
          "assetId": "7U9uGOiILZ",
          "checksum": "98b3d1ecbaf0678581f7940d1fe0d8de"
        },
        {
          "type": "image",
          "assetId": "_e9JnmhSSC",
          "checksum": "962cf0db817788b305bf629e3ff1bf7f"
        },
        {
          "type": "image",
          "assetId": "nbBeIvbqcE",
          "checksum": "ac93a0592974a0484cf4c66e47079df0"
        },
        {
          "type": "image",
          "assetId": "tsLiMXHRjS",
          "checksum": "9e1b4b95c0a8ca35e1b88f584ae973d6"
        },
        {
          "type": "image",
          "assetId": "XBZkdGACb32",
          "checksum": "aab5d103ae9c70c193bcd39bfa9266f2"
        },
        {
          "type": "image",
          "assetId": "fWlba3_xqTb",
          "checksum": "e71a78c3b6f98d8037e1747122566b8c"
        },
        {
          "type": "image",
          "assetId": "MCaehz8pwk_",
          "checksum": "df66c718401afa128cf4954636c2c131"
        },
        {
          "type": "image",
          "assetId": "uEUa9BZWCla",
          "checksum": "ffcbb13a945ce3e45221c01fb351dc26"
        },
        {
          "type": "image",
          "assetId": "ztjlagfygtr",
          "checksum": "911a6a50e6c6d4109d94329e70fea176"
        },
        {
          "type": "image",
          "assetId": "hJySzr2oKmL",
          "checksum": "86ad866506283e426d8df579b143c313"
        },
        {
          "type": "image",
          "assetId": "RiFIyp9snQP",
          "checksum": "08604338a3c38be1d8ffd87e4a5358ba"
        },
        {
          "type": "image",
          "assetId": "K88786Y-rsK",
          "checksum": "530aa3dfa00ff404ad1aaac83be140ab"
        },
        {
          "type": "image",
          "assetId": "b6GvBTj3GaM",
          "checksum": "4c96487001bcb772110cc0e6f13cb93c"
        },
        {
          "type": "image",
          "assetId": "39c1bDSS0ZW",
          "checksum": "ec1f346d6a852c054dbb746ad43c36bf"
        },
        {
          "type": "image",
          "assetId": "NfGxAjrRhrA",
          "checksum": "cf159397bd7175bb8d9fb29174e8a0af"
        },
        {
          "type": "image",
          "assetId": "fmWPLzWEYH7",
          "checksum": "2ee3654e448be97debd338c0b50e9568"
        },
        {
          "type": "image",
          "assetId": "xpjuH_Gah6R",
          "checksum": "7ce7fa3df028f635ef3800f7a4645270"
        },
        {
          "type": "image",
          "assetId": "eVoYPXUa0F6",
          "checksum": "b967d15808fcd10b59d691e413b71bb4"
        },
        {
          "type": "image",
          "assetId": "FZCHHIHy6vL",
          "checksum": "36e320a4ec80e0ef93141aad748728a7"
        },
        {
          "type": "image",
          "assetId": "gX-dtBYUGkV",
          "checksum": "818e044aee272dc9744fdcff1824e058"
        },
        {
          "type": "image",
          "assetId": "zwIWH3zXM",
          "checksum": "d63e17d4a9f0052d4f3fb993ab94dd32"
        },
        {
          "type": "image",
          "assetId": "WJBwV48nSO",
          "checksum": "779bdb9e0f6b1ada2f8e11255b6dd591"
        },
        {
          "type": "image",
          "assetId": "_Zlkc0NuS7",
          "checksum": "63bcb526d5f5302dfa19960dd2ae71b8"
        },
        {
          "type": "image",
          "assetId": "Wu-fmPl9MTe",
          "checksum": "0b7d2774bf292dbb7f3b12bea5b7fe99"
        },
        {
          "type": "image",
          "assetId": "fRcnUjl5I0V",
          "checksum": "3988871beaad72e555cd97e7565631a2"
        },
        {
          "type": "image",
          "assetId": "-uJYDFnL5L",
          "checksum": "1cf7cf8f7176dc60e040b6ae3161d02e"
        },
        {
          "type": "image",
          "assetId": "m1qb_mayCm",
          "checksum": "ce08f7be06dab6afd1124db637d18237"
        },
        {
          "type": "image",
          "assetId": "OQ-hrvCpFr",
          "checksum": "8a549bab5479ab1cf9d9e3b7f9b10779"
        },
        {
          "type": "image",
          "assetId": "5Lni5mwKBr",
          "checksum": "979df99a520527af45399cb01427953e"
        },
        {
          "type": "image",
          "assetId": "0SaPu_hmt2D",
          "checksum": "e43b18a1d083b8e25248eba823827aec"
        },
        {
          "type": "image",
          "assetId": "TVviKI4q3q2",
          "checksum": "72e39f944a0d941946c21b273e9c9888"
        },
        {
          "type": "image",
          "assetId": "e8D50OPcOwS",
          "checksum": "1bd88e5be94f802ec891bb64638c1364"
        },
        {
          "type": "image",
          "assetId": "_JpvtzWaejT",
          "checksum": "dcdc0cc44a8ffa254be8efa81814640b"
        },
        {
          "type": "image",
          "assetId": "pXQOpKOlkMA",
          "checksum": "dbef1c5a8e3f89426dd07871592f88e1"
        },
        {
          "type": "image",
          "assetId": "KzoRjCkICTt",
          "checksum": "b10db5f370ff254fe0cad04168f7dbe1"
        },
        {
          "type": "image",
          "assetId": "-BCj6pefV4Q",
          "checksum": "df6837e6a1b5d114e10c2f844384e372"
        },
        {
          "type": "image",
          "assetId": "saAGMmHJ4qg",
          "checksum": "6237c28d93be01ad17e64efbaeeebe72"
        },
        {
          "type": "image",
          "assetId": "gW_1fi_0R02",
          "checksum": "a0cb1c49a1ed805a556211f43ba47167"
        },
        {
          "type": "image",
          "assetId": "mazQt1iYKXu",
          "checksum": "ce866d3515da7ffe6c7dfa949a73d185"
        },
        {
          "type": "image",
          "assetId": "VzbELuEjwTc",
          "checksum": "300d3854e3026f3c0ef4281f25d1f358"
        },
        {
          "type": "image",
          "assetId": "5aseZcpGA",
          "checksum": "06699b0118a534e95c08b7ded129ca26"
        },
        {
          "type": "image",
          "assetId": "7uWtdBdUZX0",
          "checksum": "7a00df381a16536b34ee27537d8f529b"
        },
        {
          "type": "image",
          "assetId": "L9zgX1LW7",
          "checksum": "c6b9b665c2b590e4bf4d7168277b568b"
        },
        {
          "type": "image",
          "assetId": "Q4YEccdt8",
          "checksum": "8c76c361abd0c2f476e5f2fa2d211802"
        },
        {
          "type": "image",
          "assetId": "H_JsyC4kI",
          "checksum": "06c656aa3e1dc706769ce83a29149418"
        }
      ],
      "codegenVersion": "0.0.1"
    }
  ],
  "cliVersion": "0.1.171"
}
